Microsoft Visual Studio Solution File, Format Version 12.00
# Visual Studio Version 17
VisualStudioVersion = 17.10.35013.160
MinimumVisualStudioVersion = 10.0.40219.1
Project("{C26EB208-CE14-5B58-88AE-04FE043C1289}") = "ArboxEmployeeMS", "ArboxEmployeeMS.csproj", "{31E9A538-6B5B-5736-947B-C181641A828F}"
EndProject
Global
	GlobalSection(SolutionConfigurationPlatforms) = preSolution
		Debug|Any CPU = Debug|Any CPU
		Release|Any CPU = Release|Any CPU
	EndGlobalSection
	GlobalSection(ProjectConfigurationPlatforms) = postSolution
		{31E9A538-6B5B-5736-947B-C181641A828F}.Debug|Any CPU.ActiveCfg = Debug|Any CPU
		{31E9A538-6B5B-5736-947B-C181641A828F}.Debug|Any CPU.Build.0 = Debug|Any CPU
		{31E9A538-6B5B-5736-947B-C181641A828F}.Release|Any CPU.ActiveCfg = Release|Any CPU
		{31E9A538-6B5B-5736-947B-C181641A828F}.Release|Any CPU.Build.0 = Release|Any CPU
	EndGlobalSection
	GlobalSection(SolutionProperties) = preSolution
		HideSolutionNode = FALSE
	EndGlobalSection
EndGlobal
